
Microsoft Visual Studio Solution File, Format Version 12.00
# Visual Studio Version 17
VisualStudioVersion = 17.5.002.0
MinimumVisualStudioVersion = 10.0.40219.1
Project("{9A19103F-16F7-4668-BE54-9A1E7A4F7556}") = "AS", "AS.csproj", "{F507FB3F-FB3E-4BD1-9777-D1BEEA3BEC1E}"
EndProject
Global
	GlobalSection(SolutionConfigurationPlatforms) = preSolution
		Debug|Any CPU = Debug|Any CPU
		Release|Any CPU = Release|Any CPU
	EndGlobalSection
	GlobalSection(ProjectConfigurationPlatforms) = postSolution
		{F507FB3F-FB3E-4BD1-9777-D1BEEA3BEC1E}.Debug|Any CPU.ActiveCfg = Debug|Any CPU
		{F507FB3F-FB3E-4BD1-9777-D1BEEA3BEC1E}.Debug|Any CPU.Build.0 = Debug|Any CPU
		{F507FB3F-FB3E-4BD1-9777-D1BEEA3BEC1E}.Release|Any CPU.ActiveCfg = Release|Any CPU
		{F507FB3F-FB3E-4BD1-9777-D1BEEA3BEC1E}.Release|Any CPU.Build.0 = Release|Any CPU
	EndGlobalSection
	GlobalSection(SolutionProperties) = preSolution
		HideSolutionNode = FALSE
	EndGlobalSection
	GlobalSection(ExtensibilityGlobals) = postSolution
		SolutionGuid = {EE1BC186-1F6B-40BA-A0EF-67E86FD04442}
	EndGlobalSection
EndGlobal
